// !$*UTF8*$!
{
	archiveVersion = 1;
	classes = {
	};
	objectVersion = 46;
	objects = {

/* Begin PBXBuildFile section */
		3716748A1E620CE400D5B779 /* ModuleEndpoint.swift in Sources */ = {isa = PBXBuildFile; fileRef = 371674891E620CE400D5B779 /* ModuleEndpoint.swift */; };
		3716749C1E620F2C00D5B779 /* FilterEndpoint.swift in Sources */ = {isa = PBXBuildFile; fileRef = 3716749B1E620F2C00D5B779 /* FilterEndpoint.swift */; };
		3716749E1E620F5500D5B779 /* FilterModels.swift in Sources */ = {isa = PBXBuildFile; fileRef = 3716749D1E620F5500D5B779 /* FilterModels.swift */; };
		371674A01E6210D100D5B779 /* JSONInitializable.swift in Sources */ = {isa = PBXBuildFile; fileRef = 3716749F1E6210D100D5B779 /* JSONInitializable.swift */; };
		371674A21E62144200D5B779 /* FilterModuleViewController.swift in Sources */ = {isa = PBXBuildFile; fileRef = 371674A11E62144200D5B779 /* FilterModuleViewController.swift */; };
		37940B611E5A1E1900B5B860 /* AppDelegate.swift in Sources */ = {isa = PBXBuildFile; fileRef = 37940B601E5A1E1900B5B860 /* AppDelegate.swift */; };
		37940B661E5A1E1900B5B860 /* Main.storyboard in Resources */ = {isa = PBXBuildFile; fileRef = 37940B641E5A1E1900B5B860 /* Main.storyboard */; };
		37940B681E5A1E1900B5B860 /* Assets.xcassets in Resources */ = {isa = PBXBuildFile; fileRef = 37940B671E5A1E1900B5B860 /* Assets.xcassets */; };
		37940B6B1E5A1E1900B5B860 /* LaunchScreen.storyboard in Resources */ = {isa = PBXBuildFile; fileRef = 37940B691E5A1E1900B5B860 /* LaunchScreen.storyboard */; };
		37940BA81E5A272800B5B860 /* Alamofire.framework in Frameworks */ = {isa = PBXBuildFile; fileRef = 37940B9B1E5A270300B5B860 /* Alamofire.framework */; };
		37940BA91E5A272800B5B860 /* Alamofire.framework in Embed Frameworks */ = {isa = PBXBuildFile; fileRef = 37940B9B1E5A270300B5B860 /* Alamofire.framework */; settings = {ATTRIBUTES = (CodeSignOnCopy, RemoveHeadersOnCopy, ); }; };
		37B0A0211E5CD4DA0088D6FC /* DashboardViewController.swift in Sources */ = {isa = PBXBuildFile; fileRef = 37B0A0201E5CD4DA0088D6FC /* DashboardViewController.swift */; };
		37B0A0231E5CD81F0088D6FC /* ModuleViewController.swift in Sources */ = {isa = PBXBuildFile; fileRef = 37B0A0221E5CD81F0088D6FC /* ModuleViewController.swift */; };
		37BEBD9C1E63068C009207FC /* HeaderModels.swift in Sources */ = {isa = PBXBuildFile; fileRef = 37BEBD9B1E63068C009207FC /* HeaderModels.swift */; };
		37BEBD9E1E6306A8009207FC /* HeaterEndpoint.swift in Sources */ = {isa = PBXBuildFile; fileRef = 37BEBD9D1E6306A8009207FC /* HeaterEndpoint.swift */; };
		37BEBDA01E6306C7009207FC /* HeaterModuleViewController.swift in Sources */ = {isa = PBXBuildFile; fileRef = 37BEBD9F1E6306C7009207FC /* HeaterModuleViewController.swift */; };
		37BEBDA31E630845009207FC /* TemperatureModuleViewController.swift in Sources */ = {isa = PBXBuildFile; fileRef = 37BEBDA21E630845009207FC /* TemperatureModuleViewController.swift */; };
		37BEBDA51E63086C009207FC /* TemperatureModels.swift in Sources */ = {isa = PBXBuildFile; fileRef = 37BEBDA41E63086B009207FC /* TemperatureModels.swift */; };
		37BEBDA71E630885009207FC /* TemperatureEndpoint.swift in Sources */ = {isa = PBXBuildFile; fileRef = 37BEBDA61E630885009207FC /* TemperatureEndpoint.swift */; };
		37EF42711E5B8CD3005EAB26 /* LightsModels.swift in Sources */ = {isa = PBXBuildFile; fileRef = 37EF426E1E5B8CD3005EAB26 /* LightsModels.swift */; };
		37EF42721E5B8CD3005EAB26 /* LightsEndpoint.swift in Sources */ = {isa = PBXBuildFile; fileRef = 37EF426F1E5B8CD3005EAB26 /* LightsEndpoint.swift */; };
		37EF42731E5B8CD3005EAB26 /* LightsModuleViewController.swift in Sources */ = {isa = PBXBuildFile; fileRef = 37EF42701E5B8CD3005EAB26 /* LightsModuleViewController.swift */; };
		37EF42771E5B8D16005EAB26 /* SettingsManager.swift in Sources */ = {isa = PBXBuildFile; fileRef = 37EF42751E5B8D16005EAB26 /* SettingsManager.swift */; };
		37EF42781E5B8D16005EAB26 /* SettingsViewController.swift in Sources */ = {isa = PBXBuildFile; fileRef = 37EF42761E5B8D16005EAB26 /* SettingsViewController.swift */; };
		37EF427B1E5B8E83005EAB26 /* EndpointRouter.swift in Sources */ = {isa = PBXBuildFile; fileRef = 37EF427A1E5B8E83005EAB26 /* EndpointRouter.swift */; };
/* End PBXBuildFile section */

/* Begin PBXContainerItemProxy section */
		37940B9A1E5A270300B5B860 /* PBXContainerItemProxy */ = {
			isa = PBXContainerItemProxy;
			containerPortal = 37940B8F1E5A270300B5B860 /* Alamofire.xcodeproj */;
			proxyType = 2;
			remoteGlobalIDString = F8111E3319A95C8B0040E7D1;
			remoteInfo = "Alamofire iOS";
		};
		37940B9C1E5A270300B5B860 /* PBXContainerItemProxy */ = {
			isa = PBXContainerItemProxy;
			containerPortal = 37940B8F1E5A270300B5B860 /* Alamofire.xcodeproj */;
			proxyType = 2;
			remoteGlobalIDString = F8111E3E19A95C8B0040E7D1;
			remoteInfo = "Alamofire iOS Tests";
		};
		37940B9E1E5A270300B5B860 /* PBXContainerItemProxy */ = {
			isa = PBXContainerItemProxy;
			containerPortal = 37940B8F1E5A270300B5B860 /* Alamofire.xcodeproj */;
			proxyType = 2;
			remoteGlobalIDString = 4DD67C0B1A5C55C900ED2280;
			remoteInfo = "Alamofire macOS";
		};
		37940BA01E5A270300B5B860 /* PBXContainerItemProxy */ = {
			isa = PBXContainerItemProxy;
			containerPortal = 37940B8F1E5A270300B5B860 /* Alamofire.xcodeproj */;
			proxyType = 2;
			remoteGlobalIDString = F829C6B21A7A94F100A2CD59;
			remoteInfo = "Alamofire macOS Tests";
		};
		37940BA21E5A270300B5B860 /* PBXContainerItemProxy */ = {
			isa = PBXContainerItemProxy;
			containerPortal = 37940B8F1E5A270300B5B860 /* Alamofire.xcodeproj */;
			proxyType = 2;
			remoteGlobalIDString = 4CF626EF1BA7CB3E0011A099;
			remoteInfo = "Alamofire tvOS";
		};
		37940BA41E5A270300B5B860 /* PBXContainerItemProxy */ = {
			isa = PBXContainerItemProxy;
			containerPortal = 37940B8F1E5A270300B5B860 /* Alamofire.xcodeproj */;
			proxyType = 2;
			remoteGlobalIDString = 4CF626F81BA7CB3E0011A099;
			remoteInfo = "Alamofire tvOS Tests";
		};
		37940BA61E5A270300B5B860 /* PBXContainerItemProxy */ = {
			isa = PBXContainerItemProxy;
			containerPortal = 37940B8F1E5A270300B5B860 /* Alamofire.xcodeproj */;
			proxyType = 2;
			remoteGlobalIDString = E4202FE01B667AA100C997FB;
			remoteInfo = "Alamofire watchOS";
		};
		37940BAA1E5A272800B5B860 /* PBXContainerItemProxy */ = {
			isa = PBXContainerItemProxy;
			containerPortal = 37940B8F1E5A270300B5B860 /* Alamofire.xcodeproj */;
			proxyType = 1;
			remoteGlobalIDString = F8111E3219A95C8B0040E7D1;
			remoteInfo = "Alamofire iOS";
		};
/* End PBXContainerItemProxy section */

/* Begin PBXCopyFilesBuildPhase section */
		37940BAC1E5A272800B5B860 /* Embed Frameworks */ = {
			isa = PBXCopyFilesBuildPhase;
			buildActionMask = 2147483647;
			dstPath = "";
			dstSubfolderSpec = 10;
			files = (
				37940BA91E5A272800B5B860 /* Alamofire.framework in Embed Frameworks */,
			);
			name = "Embed Frameworks";
			runOnlyForDeploymentPostprocessing = 0;
		};
/* End PBXCopyFilesBuildPhase section */

/* Begin PBXFileReference section */
		371674891E620CE400D5B779 /* ModuleEndpoint.swift */ = {isa = PBXFileReference; fileEncoding = 4; lastKnownFileType = sourcecode.swift; path = ModuleEndpoint.swift; sourceTree = "<group>"; };
		3716749B1E620F2C00D5B779 /* FilterEndpoint.swift */ = {isa = PBXFileReference; fileEncoding = 4; lastKnownFileType = sourcecode.swift; path = FilterEndpoint.swift; sourceTree = "<group>"; };
		3716749D1E620F5500D5B779 /* FilterModels.swift */ = {isa = PBXFileReference; fileEncoding = 4; lastKnownFileType = sourcecode.swift; path = FilterModels.swift; sourceTree = "<group>"; };
		3716749F1E6210D100D5B779 /* JSONInitializable.swift */ = {isa = PBXFileReference; fileEncoding = 4; lastKnownFileType = sourcecode.swift; path = JSONInitializable.swift; sourceTree = "<group>"; };
		371674A11E62144200D5B779 /* FilterModuleViewController.swift */ = {isa = PBXFileReference; fileEncoding = 4; lastKnownFileType = sourcecode.swift; path = FilterModuleViewController.swift; sourceTree = "<group>"; };
		37940B5D1E5A1E1900B5B860 /* fluval-manager.app */ = {isa = PBXFileReference; explicitFileType = wrapper.application; includeInIndex = 0; path = "fluval-manager.app"; sourceTree = BUILT_PRODUCTS_DIR; };
		37940B601E5A1E1900B5B860 /* AppDelegate.swift */ = {isa = PBXFileReference; lastKnownFileType = sourcecode.swift; path = AppDelegate.swift; sourceTree = "<group>"; };
		37940B651E5A1E1900B5B860 /* Base */ = {isa = PBXFileReference; lastKnownFileType = file.storyboard; name = Base; path = Base.lproj/Main.storyboard; sourceTree = "<group>"; };
		37940B671E5A1E1900B5B860 /* Assets.xcassets */ = {isa = PBXFileReference; lastKnownFileType = folder.assetcatalog; path = Assets.xcassets; sourceTree = "<group>"; };
		37940B6A1E5A1E1900B5B860 /* Base */ = {isa = PBXFileReference; lastKnownFileType = file.storyboard; name = Base; path = Base.lproj/LaunchScreen.storyboard; sourceTree = "<group>"; };
		37940B6C1E5A1E1900B5B860 /* Info.plist */ = {isa = PBXFileReference; lastKnownFileType = text.plist.xml; path = Info.plist; sourceTree = "<group>"; };
		37940B8F1E5A270300B5B860 /* Alamofire.xcodeproj */ = {isa = PBXFileReference; lastKnownFileType = "wrapper.pb-project"; name = Alamofire.xcodeproj; path = "fluval-manager/Vendor/Alamofire/Alamofire.xcodeproj"; sourceTree = "<group>"; };
		37B0A0201E5CD4DA0088D6FC /* DashboardViewController.swift */ = {isa = PBXFileReference; fileEncoding = 4; lastKnownFileType = sourcecode.swift; path = DashboardViewController.swift; sourceTree = "<group>"; };
		37B0A0221E5CD81F0088D6FC /* ModuleViewController.swift */ = {isa = PBXFileReference; fileEncoding = 4; lastKnownFileType = sourcecode.swift; path = ModuleViewController.swift; sourceTree = "<group>"; };
		37BEBD9B1E63068C009207FC /* HeaderModels.swift */ = {isa = PBXFileReference; fileEncoding = 4; lastKnownFileType = sourcecode.swift; path = HeaderModels.swift; sourceTree = "<group>"; };
		37BEBD9D1E6306A8009207FC /* HeaterEndpoint.swift */ = {isa = PBXFileReference; fileEncoding = 4; lastKnownFileType = sourcecode.swift; path = HeaterEndpoint.swift; sourceTree = "<group>"; };
		37BEBD9F1E6306C7009207FC /* HeaterModuleViewController.swift */ = {isa = PBXFileReference; fileEncoding = 4; lastKnownFileType = sourcecode.swift; path = HeaterModuleViewController.swift; sourceTree = "<group>"; };
		37BEBDA21E630845009207FC /* TemperatureModuleViewController.swift */ = {isa = PBXFileReference; fileEncoding = 4; lastKnownFileType = sourcecode.swift; path = TemperatureModuleViewController.swift; sourceTree = "<group>"; };
		37BEBDA41E63086B009207FC /* TemperatureModels.swift */ = {isa = PBXFileReference; fileEncoding = 4; lastKnownFileType = sourcecode.swift; path = TemperatureModels.swift; sourceTree = "<group>"; };
		37BEBDA61E630885009207FC /* TemperatureEndpoint.swift */ = {isa = PBXFileReference; fileEncoding = 4; lastKnownFileType = sourcecode.swift; path = TemperatureEndpoint.swift; sourceTree = "<group>"; };
		37EF426E1E5B8CD3005EAB26 /* LightsModels.swift */ = {isa = PBXFileReference; fileEncoding = 4; lastKnownFileType = sourcecode.swift; path = LightsModels.swift; sourceTree = "<group>"; };
		37EF426F1E5B8CD3005EAB26 /* LightsEndpoint.swift */ = {isa = PBXFileReference; fileEncoding = 4; lastKnownFileType = sourcecode.swift; path = LightsEndpoint.swift; sourceTree = "<group>"; };
		37EF42701E5B8CD3005EAB26 /* LightsModuleViewController.swift */ = {isa = PBXFileReference; fileEncoding = 4; lastKnownFileType = sourcecode.swift; path = LightsModuleViewController.swift; sourceTree = "<group>"; };
		37EF42751E5B8D16005EAB26 /* SettingsManager.swift */ = {isa = PBXFileReference; fileEncoding = 4; lastKnownFileType = sourcecode.swift; path = SettingsManager.swift; sourceTree = "<group>"; };
		37EF42761E5B8D16005EAB26 /* SettingsViewController.swift */ = {isa = PBXFileReference; fileEncoding = 4; lastKnownFileType = sourcecode.swift; path = SettingsViewController.swift; sourceTree = "<group>"; };
		37EF427A1E5B8E83005EAB26 /* EndpointRouter.swift */ = {isa = PBXFileReference; fileEncoding = 4; lastKnownFileType = sourcecode.swift; path = EndpointRouter.swift; sourceTree = "<group>"; };
/* End PBXFileReference section */

/* Begin PBXFrameworksBuildPhase section */
		37940B5A1E5A1E1900B5B860 /* Frameworks */ = {
			isa = PBXFrameworksBuildPhase;
			buildActionMask = 2147483647;
			files = (
				37940BA81E5A272800B5B860 /* Alamofire.framework in Frameworks */,
			);
			runOnlyForDeploymentPostprocessing = 0;
		};
/* End PBXFrameworksBuildPhase section */

/* Begin PBXGroup section */
		371674801E620BA900D5B779 /* Filter */ = {
			isa = PBXGroup;
			children = (
				3716749D1E620F5500D5B779 /* FilterModels.swift */,
				3716749B1E620F2C00D5B779 /* FilterEndpoint.swift */,
				371674A11E62144200D5B779 /* FilterModuleViewController.swift */,
			);
			path = Filter;
			sourceTree = "<group>";
		};
		37940B541E5A1E1800B5B860 = {
			isa = PBXGroup;
			children = (
				37940B5F1E5A1E1900B5B860 /* fluval-manager */,
				37940B5E1E5A1E1900B5B860 /* Products */,
				37940B8F1E5A270300B5B860 /* Alamofire.xcodeproj */,
			);
			sourceTree = "<group>";
		};
		37940B5E1E5A1E1900B5B860 /* Products */ = {
			isa = PBXGroup;
			children = (
				37940B5D1E5A1E1900B5B860 /* fluval-manager.app */,
			);
			name = Products;
			sourceTree = "<group>";
		};
		37940B5F1E5A1E1900B5B860 /* fluval-manager */ = {
			isa = PBXGroup;
			children = (
				37940B6C1E5A1E1900B5B860 /* Info.plist */,
				37940B601E5A1E1900B5B860 /* AppDelegate.swift */,
				37940B641E5A1E1900B5B860 /* Main.storyboard */,
				37940B691E5A1E1900B5B860 /* LaunchScreen.storyboard */,
				37940B671E5A1E1900B5B860 /* Assets.xcassets */,
				37EF42791E5B8E83005EAB26 /* Library */,
				37EF42741E5B8D16005EAB26 /* Settings */,
				37EF426D1E5B8CD3005EAB26 /* Lights */,
				371674801E620BA900D5B779 /* Filter */,
				37BEBD931E63067B009207FC /* Heater */,
				37BEBDA11E630830009207FC /* Temperature */,
			);
			path = "fluval-manager";
			sourceTree = "<group>";
		};
		37940B901E5A270300B5B860 /* Products */ = {
			isa = PBXGroup;
			children = (
				37940B9B1E5A270300B5B860 /* Alamofire.framework */,
				37940B9D1E5A270300B5B860 /* Alamofire iOS Tests.xctest */,
				37940B9F1E5A270300B5B860 /* Alamofire.framework */,
				37940BA11E5A270300B5B860 /* Alamofire macOS Tests.xctest */,
				37940BA31E5A270300B5B860 /* Alamofire.framework */,
				37940BA51E5A270300B5B860 /* Alamofire tvOS Tests.xctest */,
				37940BA71E5A270300B5B860 /* Alamofire.framework */,
			);
			name = Products;
			sourceTree = "<group>";
		};
		37BEBD931E63067B009207FC /* Heater */ = {
			isa = PBXGroup;
			children = (
				37BEBD9B1E63068C009207FC /* HeaderModels.swift */,
				37BEBD9D1E6306A8009207FC /* HeaterEndpoint.swift */,
				37BEBD9F1E6306C7009207FC /* HeaterModuleViewController.swift */,
			);
			path = Heater;
			sourceTree = "<group>";
		};
		37BEBDA11E630830009207FC /* Temperature */ = {
			isa = PBXGroup;
			children = (
				37BEBDA41E63086B009207FC /* TemperatureModels.swift */,
				37BEBDA61E630885009207FC /* TemperatureEndpoint.swift */,
				37BEBDA21E630845009207FC /* TemperatureModuleViewController.swift */,
			);
			path = Temperature;
			sourceTree = "<group>";
		};
		37EF426D1E5B8CD3005EAB26 /* Lights */ = {
			isa = PBXGroup;
			children = (
				37EF426E1E5B8CD3005EAB26 /* LightsModels.swift */,
				37EF426F1E5B8CD3005EAB26 /* LightsEndpoint.swift */,
				37EF42701E5B8CD3005EAB26 /* LightsModuleViewController.swift */,
			);
			path = Lights;
			sourceTree = "<group>";
		};
		37EF42741E5B8D16005EAB26 /* Settings */ = {
			isa = PBXGroup;
			children = (
				37EF42751E5B8D16005EAB26 /* SettingsManager.swift */,
				37EF42761E5B8D16005EAB26 /* SettingsViewController.swift */,
			);
			path = Settings;
			sourceTree = "<group>";
		};
		37EF42791E5B8E83005EAB26 /* Library */ = {
			isa = PBXGroup;
			children = (
				37EF427A1E5B8E83005EAB26 /* EndpointRouter.swift */,
				3716749F1E6210D100D5B779 /* JSONInitializable.swift */,
				37B0A0201E5CD4DA0088D6FC /* DashboardViewController.swift */,
				37B0A0221E5CD81F0088D6FC /* ModuleViewController.swift */,
				371674891E620CE400D5B779 /* ModuleEndpoint.swift */,
			);
			path = Library;
			sourceTree = "<group>";
		};
/* End PBXGroup section */

/* Begin PBXNativeTarget section */
		37940B5C1E5A1E1900B5B860 /* fluval-manager */ = {
			isa = PBXNativeTarget;
			buildConfigurationList = 37940B6F1E5A1E1900B5B860 /* Build configuration list for PBXNativeTarget "fluval-manager" */;
			buildPhases = (
				37940B591E5A1E1900B5B860 /* Sources */,
				37940B5A1E5A1E1900B5B860 /* Frameworks */,
				37940B5B1E5A1E1900B5B860 /* Resources */,
				37940BAC1E5A272800B5B860 /* Embed Frameworks */,
			);
			buildRules = (
			);
			dependencies = (
				37940BAB1E5A272800B5B860 /* PBXTargetDependency */,
			);
			name = "fluval-manager";
			productName = "fluval-manager";
			productReference = 37940B5D1E5A1E1900B5B860 /* fluval-manager.app */;
			productType = "com.apple.product-type.application";
		};
/* End PBXNativeTarget section */

/* Begin PBXProject section */
		37940B551E5A1E1800B5B860 /* Project object */ = {
			isa = PBXProject;
			attributes = {
				LastSwiftUpdateCheck = 0820;
				LastUpgradeCheck = 0820;
				ORGANIZATIONNAME = "Nicolas Bigot";
				TargetAttributes = {
					37940B5C1E5A1E1900B5B860 = {
						CreatedOnToolsVersion = 8.2.1;
						DevelopmentTeam = UY264W89D3;
						ProvisioningStyle = Automatic;
					};
				};
			};
			buildConfigurationList = 37940B581E5A1E1800B5B860 /* Build configuration list for PBXProject "fluval-manager" */;
			compatibilityVersion = "Xcode 3.2";
			developmentRegion = English;
			hasScannedForEncodings = 0;
			knownRegions = (
				en,
				Base,
			);
			mainGroup = 37940B541E5A1E1800B5B860;
			productRefGroup = 37940B5E1E5A1E1900B5B860 /* Products */;
			projectDirPath = "";
			projectReferences = (
				{
					ProductGroup = 37940B901E5A270300B5B860 /* Products */;
					ProjectRef = 37940B8F1E5A270300B5B860 /* Alamofire.xcodeproj */;
				},
			);
			projectRoot = "";
			targets = (
				37940B5C1E5A1E1900B5B860 /* fluval-manager */,
			);
		};
/* End PBXProject section */

/* Begin PBXReferenceProxy section */
		37940B9B1E5A270300B5B860 /* Alamofire.framework */ = {
			isa = PBXReferenceProxy;
			fileType = wrapper.framework;
			path = Alamofire.framework;
			remoteRef = 37940B9A1E5A270300B5B860 /* PBXContainerItemProxy */;
			sourceTree = BUILT_PRODUCTS_DIR;
		};
		37940B9D1E5A270300B5B860 /* Alamofire iOS Tests.xctest */ = {
			isa = PBXReferenceProxy;
			fileType = wrapper.cfbundle;
			path = "Alamofire iOS Tests.xctest";
			remoteRef = 37940B9C1E5A270300B5B860 /* PBXContainerItemProxy */;
			sourceTree = BUILT_PRODUCTS_DIR;
		};
		37940B9F1E5A270300B5B860 /* Alamofire.framework */ = {
			isa = PBXReferenceProxy;
			fileType = wrapper.framework;
			path = Alamofire.framework;
			remoteRef = 37940B9E1E5A270300B5B860 /* PBXContainerItemProxy */;
			sourceTree = BUILT_PRODUCTS_DIR;
		};
		37940BA11E5A270300B5B860 /* Alamofire macOS Tests.xctest */ = {
			isa = PBXReferenceProxy;
			fileType = wrapper.cfbundle;
			path = "Alamofire macOS Tests.xctest";
			remoteRef = 37940BA01E5A270300B5B860 /* PBXContainerItemProxy */;
			sourceTree = BUILT_PRODUCTS_DIR;
		};
		37940BA31E5A270300B5B860 /* Alamofire.framework */ = {
			isa = PBXReferenceProxy;
			fileType = wrapper.framework;
			path = Alamofire.framework;
			remoteRef = 37940BA21E5A270300B5B860 /* PBXContainerItemProxy */;
			sourceTree = BUILT_PRODUCTS_DIR;
		};
		37940BA51E5A270300B5B860 /* Alamofire tvOS Tests.xctest */ = {
			isa = PBXReferenceProxy;
			fileType = wrapper.cfbundle;
			path = "Alamofire tvOS Tests.xctest";
			remoteRef = 37940BA41E5A270300B5B860 /* PBXContainerItemProxy */;
			sourceTree = BUILT_PRODUCTS_DIR;
		};
		37940BA71E5A270300B5B860 /* Alamofire.framework */ = {
			isa = PBXReferenceProxy;
			fileType = wrapper.framework;
			path = Alamofire.framework;
			remoteRef = 37940BA61E5A270300B5B860 /* PBXContainerItemProxy */;
			sourceTree = BUILT_PRODUCTS_DIR;
		};
/* End PBXReferenceProxy section */

/* Begin PBXResourcesBuildPhase section */
		37940B5B1E5A1E1900B5B860 /* Resources */ = {
			isa = PBXResourcesBuildPhase;
			buildActionMask = 2147483647;
			files = (
				37940B6B1E5A1E1900B5B860 /* LaunchScreen.storyboard in Resources */,
				37940B681E5A1E1900B5B860 /* Assets.xcassets in Resources */,
				37940B661E5A1E1900B5B860 /* Main.storyboard in Resources */,
			);
			runOnlyForDeploymentPostprocessing = 0;
		};
/* End PBXResourcesBuildPhase section */

/* Begin PBXSourcesBuildPhase section */
		37940B591E5A1E1900B5B860 /* Sources */ = {
			isa = PBXSourcesBuildPhase;
			buildActionMask = 2147483647;
			files = (
				3716748A1E620CE400D5B779 /* ModuleEndpoint.swift in Sources */,
				37BEBDA31E630845009207FC /* TemperatureModuleViewController.swift in Sources */,
				37BEBD9C1E63068C009207FC /* HeaderModels.swift in Sources */,
				3716749C1E620F2C00D5B779 /* FilterEndpoint.swift in Sources */,
				37940B611E5A1E1900B5B860 /* AppDelegate.swift in Sources */,
				37EF427B1E5B8E83005EAB26 /* EndpointRouter.swift in Sources */,
				37B0A0231E5CD81F0088D6FC /* ModuleViewController.swift in Sources */,
				37EF42711E5B8CD3005EAB26 /* LightsModels.swift in Sources */,
				37EF42781E5B8D16005EAB26 /* SettingsViewController.swift in Sources */,
				3716749E1E620F5500D5B779 /* FilterModels.swift in Sources */,
				37BEBDA01E6306C7009207FC /* HeaterModuleViewController.swift in Sources */,
				37BEBD9E1E6306A8009207FC /* HeaterEndpoint.swift in Sources */,
				37EF42771E5B8D16005EAB26 /* SettingsManager.swift in Sources */,
				37EF42721E5B8CD3005EAB26 /* LightsEndpoint.swift in Sources */,
				37EF42731E5B8CD3005EAB26 /* LightsModuleViewController.swift in Sources */,
				37B0A0211E5CD4DA0088D6FC /* DashboardViewController.swift in Sources */,
				371674A21E62144200D5B779 /* FilterModuleViewController.swift in Sources */,
				37BEBDA51E63086C009207FC /* TemperatureModels.swift in Sources */,
				371674A01E6210D100D5B779 /* JSONInitializable.swift in Sources */,
				37BEBDA71E630885009207FC /* TemperatureEndpoint.swift in Sources */,
			);
			runOnlyForDeploymentPostprocessing = 0;
		};
/* End PBXSourcesBuildPhase section */

/* Begin PBXTargetDependency section */
		37940BAB1E5A272800B5B860 /* PBXTargetDependency */ = {
			isa = PBXTargetDependency;
			name = "Alamofire iOS";
			targetProxy = 37940BAA1E5A272800B5B860 /* PBXContainerItemProxy */;
		};
/* End PBXTargetDependency section */

/* Begin PBXVariantGroup section */
		37940B641E5A1E1900B5B860 /* Main.storyboard */ = {
			isa = PBXVariantGroup;
			children = (
				37940B651E5A1E1900B5B860 /* Base */,
			);
			name = Main.storyboard;
			sourceTree = "<group>";
		};
		37940B691E5A1E1900B5B860 /* LaunchScreen.storyboard */ = {
			isa = PBXVariantGroup;
			children = (
				37940B6A1E5A1E1900B5B860 /* Base */,
			);
			name = LaunchScreen.storyboard;
			sourceTree = "<group>";
		};
/* End PBXVariantGroup section */

/* Begin XCBuildConfiguration section */
		37940B6D1E5A1E1900B5B860 /* Debug */ = {
			isa = XCBuildConfiguration;
			buildSettings = {
				ALWAYS_SEARCH_USER_PATHS = NO;
				CLANG_ANALYZER_NONNULL = YES;
				CLANG_CXX_LANGUAGE_STANDARD = "gnu++0x";
				CLANG_CXX_LIBRARY = "libc++";
				CLANG_ENABLE_MODULES = YES;
				CLANG_ENABLE_OBJC_ARC = YES;
				CLANG_WARN_BOOL_CONVERSION = YES;
				CLANG_WARN_CONSTANT_CONVERSION = YES;
				CLANG_WARN_DIRECT_OBJC_ISA_USAGE = YES_ERROR;
				CLANG_WARN_DOCUMENTATION_COMMENTS = YES;
				CLANG_WARN_EMPTY_BODY = YES;
				CLANG_WARN_ENUM_CONVERSION = YES;
				CLANG_WARN_INFINITE_RECURSION = YES;
				CLANG_WARN_INT_CONVERSION = YES;
				CLANG_WARN_OBJC_ROOT_CLASS = YES_ERROR;
				CLANG_WARN_SUSPICIOUS_MOVE = YES;
				CLANG_WARN_UNREACHABLE_CODE = YES;
				CLANG_WARN__DUPLICATE_METHOD_MATCH = YES;
				"CODE_SIGN_IDENTITY[sdk=iphoneos*]" = "iPhone Developer";
				COPY_PHASE_STRIP = NO;
				DEBUG_INFORMATION_FORMAT = dwarf;
				ENABLE_STRICT_OBJC_MSGSEND = YES;
				ENABLE_TESTABILITY = YES;
				GCC_C_LANGUAGE_STANDARD = gnu99;
				GCC_DYNAMIC_NO_PIC = NO;
				GCC_NO_COMMON_BLOCKS = YES;
				GCC_OPTIMIZATION_LEVEL = 0;
				GCC_PREPROCESSOR_DEFINITIONS = (
					"DEBUG=1",
					"$(inherited)",
				);
				GCC_WARN_64_TO_32_BIT_CONVERSION = YES;
				GCC_WARN_ABOUT_RETURN_TYPE = YES_ERROR;
				GCC_WARN_UNDECLARED_SELECTOR = YES;
				GCC_WARN_UNINITIALIZED_AUTOS = YES_AGGRESSIVE;
				GCC_WARN_UNUSED_FUNCTION = YES;
				GCC_WARN_UNUSED_VARIABLE = YES;
				IPHONEOS_DEPLOYMENT_TARGET = 10.0;
				MTL_ENABLE_DEBUG_INFO = YES;
				ONLY_ACTIVE_ARCH = YES;
				SDKROOT = iphoneos;
				SWIFT_ACTIVE_COMPILATION_CONDITIONS = DEBUG;
				SWIFT_OPTIMIZATION_LEVEL = "-Onone";
			};
			name = Debug;
		};
		37940B6E1E5A1E1900B5B860 /* Release */ = {
			isa = XCBuildConfiguration;
			buildSettings = {
				ALWAYS_SEARCH_USER_PATHS = NO;
				CLANG_ANALYZER_NONNULL = YES;
				CLANG_CXX_LANGUAGE_STANDARD = "gnu++0x";
				CLANG_CXX_LIBRARY = "libc++";
				CLANG_ENABLE_MODULES = YES;
				CLANG_ENABLE_OBJC_ARC = YES;
				CLANG_WARN_BOOL_CONVERSION = YES;
				CLANG_WARN_CONSTANT_CONVERSION = YES;
				CLANG_WARN_DIRECT_OBJC_ISA_USAGE = YES_ERROR;
				CLANG_WARN_DOCUMENTATION_COMMENTS = YES;
				CLANG_WARN_EMPTY_BODY = YES;
				CLANG_WARN_ENUM_CONVERSION = YES;
				CLANG_WARN_INFINITE_RECURSION = YES;
				CLANG_WARN_INT_CONVERSION = YES;
				CLANG_WARN_OBJC_ROOT_CLASS = YES_ERROR;
				CLANG_WARN_SUSPICIOUS_MOVE = YES;
				CLANG_WARN_UNREACHABLE_CODE = YES;
				CLANG_WARN__DUPLICATE_METHOD_MATCH = YES;
				"CODE_SIGN_IDENTITY[sdk=iphoneos*]" = "iPhone Developer";
				COPY_PHASE_STRIP = NO;
				DEBUG_INFORMATION_FORMAT = "dwarf-with-dsym";
				ENABLE_NS_ASSERTIONS = NO;
				ENABLE_STRICT_OBJC_MSGSEND = YES;
				GCC_C_LANGUAGE_STANDARD = gnu99;
				GCC_NO_COMMON_BLOCKS = YES;
				GCC_WARN_64_TO_32_BIT_CONVERSION = YES;
				GCC_WARN_ABOUT_RETURN_TYPE = YES_ERROR;
				GCC_WARN_UNDECLARED_SELECTOR = YES;
				GCC_WARN_UNINITIALIZED_AUTOS = YES_AGGRESSIVE;
				GCC_WARN_UNUSED_FUNCTION = YES;
				GCC_WARN_UNUSED_VARIABLE = YES;
				IPHONEOS_DEPLOYMENT_TARGET = 10.0;
				MTL_ENABLE_DEBUG_INFO = NO;
				SDKROOT = iphoneos;
				SWIFT_OPTIMIZATION_LEVEL = "-Owholemodule";
				VALIDATE_PRODUCT = YES;
			};
			name = Release;
		};
		37940B701E5A1E1900B5B860 /* Debug */ = {
			isa = XCBuildConfiguration;
			buildSettings = {
				ALWAYS_EMBED_SWIFT_STANDARD_LIBRARIES = YES;
				ASSETCATALOG_COMPILER_APPICON_NAME = AppIcon;
				DEVELOPMENT_TEAM = UY264W89D3;
				INFOPLIST_FILE = "fluval-manager/Info.plist";
				LD_RUNPATH_SEARCH_PATHS = "$(inherited) @executable_path/Frameworks";
				PRODUCT_BUNDLE_IDENTIFIER = "com.nicolasbigot.fluval-manager";
				PRODUCT_NAME = "$(TARGET_NAME)";
				SWIFT_VERSION = 3.0;
			};
			name = Debug;
		};
		37940B711E5A1E1900B5B860 /* Release */ = {
			isa = XCBuildConfiguration;
			buildSettings = {
				ALWAYS_EMBED_SWIFT_STANDARD_LIBRARIES = YES;
				ASSETCATALOG_COMPILER_APPICON_NAME = AppIcon;
				DEVELOPMENT_TEAM = UY264W89D3;
				INFOPLIST_FILE = "fluval-manager/Info.plist";
				LD_RUNPATH_SEARCH_PATHS = "$(inherited) @executable_path/Frameworks";
				PRODUCT_BUNDLE_IDENTIFIER = "com.nicolasbigot.fluval-manager";
				PRODUCT_NAME = "$(TARGET_NAME)";
				SWIFT_VERSION = 3.0;
			};
			name = Release;
		};
/* End XCBuildConfiguration section */

/* Begin XCConfigurationList section */
		37940B581E5A1E1800B5B860 /* Build configuration list for PBXProject "fluval-manager" */ = {
			isa = XCConfigurationList;
			buildConfigurations = (
				37940B6D1E5A1E1900B5B860 /* Debug */,
				37940B6E1E5A1E1900B5B860 /* Release */,
			);
			defaultConfigurationIsVisible = 0;
			defaultConfigurationName = Release;
		};
		37940B6F1E5A1E1900B5B860 /* Build configuration list for PBXNativeTarget "fluval-manager" */ = {
			isa = XCConfigurationList;
			buildConfigurations = (
				37940B701E5A1E1900B5B860 /* Debug */,
				37940B711E5A1E1900B5B860 /* Release */,
			);
			defaultConfigurationIsVisible = 0;
			defaultConfigurationName = Release;
		};
/* End XCConfigurationList section */
	};
	rootObject = 37940B551E5A1E1800B5B860 /* Project object */;
}
